// !$*UTF8*$!
{
	archiveVersion = 1;
	classes = {
	};
	objectVersion = 55;
	objects = {

/* Begin PBXBuildFile section */
		1F0DD6E029ACD18000F8AC96 /* LPAttentionViewController.swift in Sources */ = {isa = PBXBuildFile; fileRef = 1F0DD6DF29ACD18000F8AC96 /* LPAttentionViewController.swift */; };
		1F0DD6E229ACD1C100F8AC96 /* LPFindViewController.swift in Sources */ = {isa = PBXBuildFile; fileRef = 1F0DD6E129ACD1C100F8AC96 /* LPFindViewController.swift */; };
		1F0DD6E429ACD1D700F8AC96 /* LPNearbyViewController.swift in Sources */ = {isa = PBXBuildFile; fileRef = 1F0DD6E329ACD1D700F8AC96 /* LPNearbyViewController.swift */; };
		1F0DD6E629ADAC6300F8AC96 /* UIScreen + Extension.swift in Sources */ = {isa = PBXBuildFile; fileRef = 1F0DD6E529ADAC6300F8AC96 /* UIScreen + Extension.swift */; };
		1F0DD6EA29AE0DDC00F8AC96 /* LPSubFindViewController.swift in Sources */ = {isa = PBXBuildFile; fileRef = 1F0DD6E929AE0DDC00F8AC96 /* LPSubFindViewController.swift */; };
		1F95D995299A1FCF006EFE9E /* LPBaseViewController.swift in Sources */ = {isa = PBXBuildFile; fileRef = 1F95D994299A1FCF006EFE9E /* LPBaseViewController.swift */; };
		1F95D997299A2002006EFE9E /* LPBaseNavigationController.swift in Sources */ = {isa = PBXBuildFile; fileRef = 1F95D996299A2002006EFE9E /* LPBaseNavigationController.swift */; };
		1F95D99F299CEB6A006EFE9E /* LPCommonColorMacro.swift in Sources */ = {isa = PBXBuildFile; fileRef = 1F95D99E299CEB6A006EFE9E /* LPCommonColorMacro.swift */; };
		1F95D9A4299CEE64006EFE9E /* UIColor+Extension.swift in Sources */ = {isa = PBXBuildFile; fileRef = 1F95D9A3299CEE64006EFE9E /* UIColor+Extension.swift */; };
		1FA475B7299F260B00B74847 /* LPMainTabBarController.swift in Sources */ = {isa = PBXBuildFile; fileRef = 1FA475B4299F260B00B74847 /* LPMainTabBarController.swift */; };
		1FA475B8299F260B00B74847 /* LPCustomTabBar.swift in Sources */ = {isa = PBXBuildFile; fileRef = 1FA475B5299F260B00B74847 /* LPCustomTabBar.swift */; };
		1FA475B9299F260B00B74847 /* LPCustomTabBarButton.swift in Sources */ = {isa = PBXBuildFile; fileRef = 1FA475B6299F260B00B74847 /* LPCustomTabBarButton.swift */; };
		1FA475BE299F275A00B74847 /* LPConstants.swift in Sources */ = {isa = PBXBuildFile; fileRef = 1FA475BD299F275A00B74847 /* LPConstants.swift */; };
		1FA475C0299F2B6A00B74847 /* LPCommonFontMacro.swift in Sources */ = {isa = PBXBuildFile; fileRef = 1FA475BF299F2B6A00B74847 /* LPCommonFontMacro.swift */; };
		1FA475C729A374BF00B74847 /* LPPageView.swift in Sources */ = {isa = PBXBuildFile; fileRef = 1FA475C629A374BF00B74847 /* LPPageView.swift */; };
		1FA475C929A3823900B74847 /* LPHorizontalMenuViewController.swift in Sources */ = {isa = PBXBuildFile; fileRef = 1FA475C829A3823900B74847 /* LPHorizontalMenuViewController.swift */; };
		1FA475CB29A39D8200B74847 /* LPPageTitleView.swift in Sources */ = {isa = PBXBuildFile; fileRef = 1FA475CA29A39D8200B74847 /* LPPageTitleView.swift */; };
		1FAABC0929A792B50025416E /* LPHorizontalMenuLayout.swift in Sources */ = {isa = PBXBuildFile; fileRef = 1FAABC0829A792B50025416E /* LPHorizontalMenuLayout.swift */; };
		1FAABC0B29A844DC0025416E /* UIView + Extension.swift in Sources */ = {isa = PBXBuildFile; fileRef = 1FAABC0A29A844DC0025416E /* UIView + Extension.swift */; };
		1FAABC0D29AA07EC0025416E /* LPWaterFlowLayout.swift in Sources */ = {isa = PBXBuildFile; fileRef = 1FAABC0C29AA07EC0025416E /* LPWaterFlowLayout.swift */; };
		1FB474462994BC5B00561664 /* AppDelegate.swift in Sources */ = {isa = PBXBuildFile; fileRef = 1FB474452994BC5B00561664 /* AppDelegate.swift */; };
		1FB474482994BC5B00561664 /* SceneDelegate.swift in Sources */ = {isa = PBXBuildFile; fileRef = 1FB474472994BC5B00561664 /* SceneDelegate.swift */; };
		1FB474502994BC5B00561664 /* LittlePink.xcdatamodeld in Sources */ = {isa = PBXBuildFile; fileRef = 1FB4744E2994BC5B00561664 /* LittlePink.xcdatamodeld */; };
		1FB474522994BC5D00561664 /* Assets.xcassets in Resources */ = {isa = PBXBuildFile; fileRef = 1FB474512994BC5D00561664 /* Assets.xcassets */; };
		1FB474552994BC5D00561664 /* LaunchScreen.storyboard in Resources */ = {isa = PBXBuildFile; fileRef = 1FB474532994BC5D00561664 /* LaunchScreen.storyboard */; };
		1FD44CB42999E3A200398766 /* LPHomeViewController.swift in Sources */ = {isa = PBXBuildFile; fileRef = 1FD44CB32999E3A200398766 /* LPHomeViewController.swift */; };
		1FD44CB62999E3BF00398766 /* LPVideoViewController.swift in Sources */ = {isa = PBXBuildFile; fileRef = 1FD44CB52999E3BF00398766 /* LPVideoViewController.swift */; };
		1FD44CB82999E3D400398766 /* LPPostNoteViewController.swift in Sources */ = {isa = PBXBuildFile; fileRef = 1FD44CB72999E3D400398766 /* LPPostNoteViewController.swift */; };
		1FD44CBA2999E3EF00398766 /* LPMessageViewController.swift in Sources */ = {isa = PBXBuildFile; fileRef = 1FD44CB92999E3EF00398766 /* LPMessageViewController.swift */; };
		1FD44CBC2999E40400398766 /* LPMineViewController.swift in Sources */ = {isa = PBXBuildFile; fileRef = 1FD44CBB2999E40400398766 /* LPMineViewController.swift */; };
		D17DDE590A341CEB1699D4CA /* Pods_LittlePink.framework in Frameworks */ = {isa = PBXBuildFile; fileRef = 86CDF2123AEB3E7B8C858D44 /* Pods_LittlePink.framework */; };
/* End PBXBuildFile section */

/* Begin PBXFileReference section */
		1F0DD6DF29ACD18000F8AC96 /* LPAttentionViewController.swift */ = {isa = PBXFileReference; lastKnownFileType = sourcecode.swift; path = LPAttentionViewController.swift; sourceTree = "<group>"; };
		1F0DD6E129ACD1C100F8AC96 /* LPFindViewController.swift */ = {isa = PBXFileReference; lastKnownFileType = sourcecode.swift; path = LPFindViewController.swift; sourceTree = "<group>"; };
		1F0DD6E329ACD1D700F8AC96 /* LPNearbyViewController.swift */ = {isa = PBXFileReference; lastKnownFileType = sourcecode.swift; path = LPNearbyViewController.swift; sourceTree = "<group>"; };
		1F0DD6E529ADAC6300F8AC96 /* UIScreen + Extension.swift */ = {isa = PBXFileReference; lastKnownFileType = sourcecode.swift; path = "UIScreen + Extension.swift"; sourceTree = "<group>"; };
		1F0DD6E929AE0DDC00F8AC96 /* LPSubFindViewController.swift */ = {isa = PBXFileReference; lastKnownFileType = sourcecode.swift; path = LPSubFindViewController.swift; sourceTree = "<group>"; };
		1F95D994299A1FCF006EFE9E /* LPBaseViewController.swift */ = {isa = PBXFileReference; lastKnownFileType = sourcecode.swift; path = LPBaseViewController.swift; sourceTree = "<group>"; };
		1F95D996299A2002006EFE9E /* LPBaseNavigationController.swift */ = {isa = PBXFileReference; lastKnownFileType = sourcecode.swift; path = LPBaseNavigationController.swift; sourceTree = "<group>"; };
		1F95D99E299CEB6A006EFE9E /* LPCommonColorMacro.swift */ = {isa = PBXFileReference; lastKnownFileType = sourcecode.swift; path = LPCommonColorMacro.swift; sourceTree = "<group>"; };
		1F95D9A3299CEE64006EFE9E /* UIColor+Extension.swift */ = {isa = PBXFileReference; lastKnownFileType = sourcecode.swift; path = "UIColor+Extension.swift"; sourceTree = "<group>"; };
		1FA475B4299F260B00B74847 /* LPMainTabBarController.swift */ = {isa = PBXFileReference; fileEncoding = 4; lastKnownFileType = sourcecode.swift; path = LPMainTabBarController.swift; sourceTree = "<group>"; };
		1FA475B5299F260B00B74847 /* LPCustomTabBar.swift */ = {isa = PBXFileReference; fileEncoding = 4; lastKnownFileType = sourcecode.swift; path = LPCustomTabBar.swift; sourceTree = "<group>"; };
		1FA475B6299F260B00B74847 /* LPCustomTabBarButton.swift */ = {isa = PBXFileReference; fileEncoding = 4; lastKnownFileType = sourcecode.swift; path = LPCustomTabBarButton.swift; sourceTree = "<group>"; };
		1FA475BD299F275A00B74847 /* LPConstants.swift */ = {isa = PBXFileReference; lastKnownFileType = sourcecode.swift; path = LPConstants.swift; sourceTree = "<group>"; };
		1FA475BF299F2B6A00B74847 /* LPCommonFontMacro.swift */ = {isa = PBXFileReference; lastKnownFileType = sourcecode.swift; path = LPCommonFontMacro.swift; sourceTree = "<group>"; };
		1FA475C629A374BF00B74847 /* LPPageView.swift */ = {isa = PBXFileReference; lastKnownFileType = sourcecode.swift; path = LPPageView.swift; sourceTree = "<group>"; };
		1FA475C829A3823900B74847 /* LPHorizontalMenuViewController.swift */ = {isa = PBXFileReference; lastKnownFileType = sourcecode.swift; path = LPHorizontalMenuViewController.swift; sourceTree = "<group>"; };
		1FA475CA29A39D8200B74847 /* LPPageTitleView.swift */ = {isa = PBXFileReference; lastKnownFileType = sourcecode.swift; path = LPPageTitleView.swift; sourceTree = "<group>"; };
		1FAABC0829A792B50025416E /* LPHorizontalMenuLayout.swift */ = {isa = PBXFileReference; lastKnownFileType = sourcecode.swift; path = LPHorizontalMenuLayout.swift; sourceTree = "<group>"; };
		1FAABC0A29A844DC0025416E /* UIView + Extension.swift */ = {isa = PBXFileReference; lastKnownFileType = sourcecode.swift; path = "UIView + Extension.swift"; sourceTree = "<group>"; };
		1FAABC0C29AA07EC0025416E /* LPWaterFlowLayout.swift */ = {isa = PBXFileReference; lastKnownFileType = sourcecode.swift; path = LPWaterFlowLayout.swift; sourceTree = "<group>"; };
		1FB474422994BC5B00561664 /* LittlePink.app */ = {isa = PBXFileReference; explicitFileType = wrapper.application; includeInIndex = 0; path = LittlePink.app; sourceTree = BUILT_PRODUCTS_DIR; };
		1FB474452994BC5B00561664 /* AppDelegate.swift */ = {isa = PBXFileReference; lastKnownFileType = sourcecode.swift; path = AppDelegate.swift; sourceTree = "<group>"; };
		1FB474472994BC5B00561664 /* SceneDelegate.swift */ = {isa = PBXFileReference; lastKnownFileType = sourcecode.swift; path = SceneDelegate.swift; sourceTree = "<group>"; };
		1FB4744F2994BC5B00561664 /* LittlePink.xcdatamodel */ = {isa = PBXFileReference; lastKnownFileType = wrapper.xcdatamodel; path = LittlePink.xcdatamodel; sourceTree = "<group>"; };
		1FB474512994BC5D00561664 /* Assets.xcassets */ = {isa = PBXFileReference; lastKnownFileType = folder.assetcatalog; path = Assets.xcassets; sourceTree = "<group>"; };
		1FB474542994BC5D00561664 /* Base */ = {isa = PBXFileReference; lastKnownFileType = file.storyboard; name = Base; path = Base.lproj/LaunchScreen.storyboard; sourceTree = "<group>"; };
		1FB474562994BC5D00561664 /* Info.plist */ = {isa = PBXFileReference; lastKnownFileType = text.plist.xml; path = Info.plist; sourceTree = "<group>"; };
		1FD44CB32999E3A200398766 /* LPHomeViewController.swift */ = {isa = PBXFileReference; lastKnownFileType = sourcecode.swift; path = LPHomeViewController.swift; sourceTree = "<group>"; };
		1FD44CB52999E3BF00398766 /* LPVideoViewController.swift */ = {isa = PBXFileReference; lastKnownFileType = sourcecode.swift; path = LPVideoViewController.swift; sourceTree = "<group>"; };
		1FD44CB72999E3D400398766 /* LPPostNoteViewController.swift */ = {isa = PBXFileReference; lastKnownFileType = sourcecode.swift; path = LPPostNoteViewController.swift; sourceTree = "<group>"; };
		1FD44CB92999E3EF00398766 /* LPMessageViewController.swift */ = {isa = PBXFileReference; lastKnownFileType = sourcecode.swift; path = LPMessageViewController.swift; sourceTree = "<group>"; };
		1FD44CBB2999E40400398766 /* LPMineViewController.swift */ = {isa = PBXFileReference; lastKnownFileType = sourcecode.swift; path = LPMineViewController.swift; sourceTree = "<group>"; };
		398CD23BB59D0D6633C3DC39 /* Pods-LittlePink.release.xcconfig */ = {isa = PBXFileReference; includeInIndex = 1; lastKnownFileType = text.xcconfig; name = "Pods-LittlePink.release.xcconfig"; path = "Target Support Files/Pods-LittlePink/Pods-LittlePink.release.xcconfig"; sourceTree = "<group>"; };
		7135E03ED3C98E4A428B82FC /* Pods-LittlePink.debug.xcconfig */ = {isa = PBXFileReference; includeInIndex = 1; lastKnownFileType = text.xcconfig; name = "Pods-LittlePink.debug.xcconfig"; path = "Target Support Files/Pods-LittlePink/Pods-LittlePink.debug.xcconfig"; sourceTree = "<group>"; };
		86CDF2123AEB3E7B8C858D44 /* Pods_LittlePink.framework */ = {isa = PBXFileReference; explicitFileType = wrapper.framework; includeInIndex = 0; path = Pods_LittlePink.framework; sourceTree = BUILT_PRODUCTS_DIR; };
/* End PBXFileReference section */

/* Begin PBXFrameworksBuildPhase section */
		1FB4743F2994BC5B00561664 /* Frameworks */ = {
			isa = PBXFrameworksBuildPhase;
			buildActionMask = 2147483647;
			files = (
				D17DDE590A341CEB1699D4CA /* Pods_LittlePink.framework in Frameworks */,
			);
			runOnlyForDeploymentPostprocessing = 0;
		};
/* End PBXFrameworksBuildPhase section */

/* Begin PBXGroup section */
		1DE471EC8CB11998B2A7D9FE /* Frameworks */ = {
			isa = PBXGroup;
			children = (
				86CDF2123AEB3E7B8C858D44 /* Pods_LittlePink.framework */,
			);
			name = Frameworks;
			sourceTree = "<group>";
		};
		1F95D993299A1E18006EFE9E /* Base */ = {
			isa = PBXGroup;
			children = (
				1FA475BA299F263900B74847 /* ViewController */,
				1FA475BB299F265600B74847 /* View */,
			);
			path = Base;
			sourceTree = "<group>";
		};
		1F95D9A2299CEE40006EFE9E /* Extension */ = {
			isa = PBXGroup;
			children = (
				1F95D9A3299CEE64006EFE9E /* UIColor+Extension.swift */,
				1FAABC0A29A844DC0025416E /* UIView + Extension.swift */,
				1F0DD6E529ADAC6300F8AC96 /* UIScreen + Extension.swift */,
			);
			path = Extension;
			sourceTree = "<group>";
		};
		1FA475B3299F260B00B74847 /* Main */ = {
			isa = PBXGroup;
			children = (
				1FA475B4299F260B00B74847 /* LPMainTabBarController.swift */,
				1FA475B5299F260B00B74847 /* LPCustomTabBar.swift */,
				1FA475B6299F260B00B74847 /* LPCustomTabBarButton.swift */,
			);
			path = Main;
			sourceTree = "<group>";
		};
		1FA475BA299F263900B74847 /* ViewController */ = {
			isa = PBXGroup;
			children = (
				1F95D994299A1FCF006EFE9E /* LPBaseViewController.swift */,
				1F95D996299A2002006EFE9E /* LPBaseNavigationController.swift */,
			);
			path = ViewController;
			sourceTree = "<group>";
		};
		1FA475BB299F265600B74847 /* View */ = {
			isa = PBXGroup;
			children = (
				1FA475C129A3497700B74847 /* Home */,
			);
			path = View;
			sourceTree = "<group>";
		};
		1FA475C129A3497700B74847 /* Home */ = {
			isa = PBXGroup;
			children = (
				1FA475C829A3823900B74847 /* LPHorizontalMenuViewController.swift */,
				1FA475C629A374BF00B74847 /* LPPageView.swift */,
				1FA475CA29A39D8200B74847 /* LPPageTitleView.swift */,
				1FAABC0829A792B50025416E /* LPHorizontalMenuLayout.swift */,
				1FAABC0C29AA07EC0025416E /* LPWaterFlowLayout.swift */,
			);
			path = Home;
			sourceTree = "<group>";
		};
		1FB474392994BC5A00561664 = {
			isa = PBXGroup;
			children = (
				1FB474442994BC5B00561664 /* LittlePink */,
				1FB474432994BC5B00561664 /* Products */,
				8E9E6FE95538D0D23C5A4804 /* Pods */,
				1DE471EC8CB11998B2A7D9FE /* Frameworks */,
			);
			sourceTree = "<group>";
		};
		1FB474432994BC5B00561664 /* Products */ = {
			isa = PBXGroup;
			children = (
				1FB474422994BC5B00561664 /* LittlePink.app */,
			);
			name = Products;
			sourceTree = "<group>";
		};
		1FB474442994BC5B00561664 /* LittlePink */ = {
			isa = PBXGroup;
			children = (
				1F95D993299A1E18006EFE9E /* Base */,
				1FB4747329965B3100561664 /* Helper */,
				1FB4747129965B3100561664 /* Macro */,
				1F95D9A2299CEE40006EFE9E /* Extension */,
				1FB4747029965B3100561664 /* Manager */,
				1FB4747429965B3100561664 /* Moudles */,
				1FB4749329965B3100561664 /* ThirdParty */,
				1FB4747229965B3100561664 /* Utiles */,
				1FB4746F29965AED00561664 /* AppDelegate */,
				1FB474512994BC5D00561664 /* Assets.xcassets */,
				1FB474532994BC5D00561664 /* LaunchScreen.storyboard */,
				1FB474562994BC5D00561664 /* Info.plist */,
				1FB4744E2994BC5B00561664 /* LittlePink.xcdatamodeld */,
			);
			path = LittlePink;
			sourceTree = "<group>";
		};
		1FB4746F29965AED00561664 /* AppDelegate */ = {
			isa = PBXGroup;
			children = (
				1FB474452994BC5B00561664 /* AppDelegate.swift */,
				1FB474472994BC5B00561664 /* SceneDelegate.swift */,
			);
			path = AppDelegate;
			sourceTree = "<group>";
		};
		1FB4747029965B3100561664 /* Manager */ = {
			isa = PBXGroup;
			children = (
			);
			path = Manager;
			sourceTree = "<group>";
		};
		1FB4747129965B3100561664 /* Macro */ = {
			isa = PBXGroup;
			children = (
				1F95D99E299CEB6A006EFE9E /* LPCommonColorMacro.swift */,
				1FA475BF299F2B6A00B74847 /* LPCommonFontMacro.swift */,
				1FA475BD299F275A00B74847 /* LPConstants.swift */,
			);
			path = Macro;
			sourceTree = "<group>";
		};
		1FB4747229965B3100561664 /* Utiles */ = {
			isa = PBXGroup;
			children = (
			);
			path = Utiles;
			sourceTree = "<group>";
		};
		1FB4747329965B3100561664 /* Helper */ = {
			isa = PBXGroup;
			children = (
			);
			path = Helper;
			sourceTree = "<group>";
		};
		1FB4747429965B3100561664 /* Moudles */ = {
			isa = PBXGroup;
			children = (
				1FA475B3299F260B00B74847 /* Main */,
				1FB4747529965B3100561664 /* Home */,
				1FB4747A29965B3100561664 /* Video */,
				1FB4747F29965B3100561664 /* PostNote */,
				1FB4748429965B3100561664 /* Message */,
				1FB4748929965B3100561664 /* Mine */,
				1FB4748E29965B3100561664 /* Login */,
			);
			path = Moudles;
			sourceTree = "<group>";
		};
		1FB4747529965B3100561664 /* Home */ = {
			isa = PBXGroup;
			children = (
				1FB4747629965B3100561664 /* Controller */,
				1FB4747729965B3100561664 /* Model */,
				1FB4747829965B3100561664 /* View */,
				1FB4747929965B3100561664 /* Service */,
			);
			path = Home;
			sourceTree = "<group>";
		};
		1FB4747629965B3100561664 /* Controller */ = {
			isa = PBXGroup;
			children = (
				1FD44CB32999E3A200398766 /* LPHomeViewController.swift */,
				1F0DD6DF29ACD18000F8AC96 /* LPAttentionViewController.swift */,
				1F0DD6E129ACD1C100F8AC96 /* LPFindViewController.swift */,
				1F0DD6E929AE0DDC00F8AC96 /* LPSubFindViewController.swift */,
				1F0DD6E329ACD1D700F8AC96 /* LPNearbyViewController.swift */,
			);
			path = Controller;
			sourceTree = "<group>";
		};
		1FB4747729965B3100561664 /* Model */ = {
			isa = PBXGroup;
			children = (
			);
			path = Model;
			sourceTree = "<group>";
		};
		1FB4747829965B3100561664 /* View */ = {
			isa = PBXGroup;
			children = (
			);
			path = View;
			sourceTree = "<group>";
		};
		1FB4747929965B3100561664 /* Service */ = {
			isa = PBXGroup;
			children = (
			);
			path = Service;
			sourceTree = "<group>";
		};
		1FB4747A29965B3100561664 /* Video */ = {
			isa = PBXGroup;
			children = (
				1FB4747B29965B3100561664 /* Controller */,
				1FB4747C29965B3100561664 /* Model */,
				1FB4747D29965B3100561664 /* View */,
				1FB4747E29965B3100561664 /* Service */,
			);
			path = Video;
			sourceTree = "<group>";
		};
		1FB4747B29965B3100561664 /* Controller */ = {
			isa = PBXGroup;
			children = (
				1FD44CB52999E3BF00398766 /* LPVideoViewController.swift */,
			);
			path = Controller;
			sourceTree = "<group>";
		};
		1FB4747C29965B3100561664 /* Model */ = {
			isa = PBXGroup;
			children = (
			);
			path = Model;
			sourceTree = "<group>";
		};
		1FB4747D29965B3100561664 /* View */ = {
			isa = PBXGroup;
			children = (
			);
			path = View;
			sourceTree = "<group>";
		};
		1FB4747E29965B3100561664 /* Service */ = {
			isa = PBXGroup;
			children = (
			);
			path = Service;
			sourceTree = "<group>";
		};
		1FB4747F29965B3100561664 /* PostNote */ = {
			isa = PBXGroup;
			children = (
				1FB4748029965B3100561664 /* Controller */,
				1FB4748129965B3100561664 /* Model */,
				1FB4748229965B3100561664 /* View */,
				1FB4748329965B3100561664 /* Service */,
			);
			path = PostNote;
			sourceTree = "<group>";
		};
		1FB4748029965B3100561664 /* Controller */ = {
			isa = PBXGroup;
			children = (
				1FD44CB72999E3D400398766 /* LPPostNoteViewController.swift */,
			);
			path = Controller;
			sourceTree = "<group>";
		};
		1FB4748129965B3100561664 /* Model */ = {
			isa = PBXGroup;
			children = (
			);
			path = Model;
			sourceTree = "<group>";
		};
		1FB4748229965B3100561664 /* View */ = {
			isa = PBXGroup;
			children = (
			);
			path = View;
			sourceTree = "<group>";
		};
		1FB4748329965B3100561664 /* Service */ = {
			isa = PBXGroup;
			children = (
			);
			path = Service;
			sourceTree = "<group>";
		};
		1FB4748429965B3100561664 /* Message */ = {
			isa = PBXGroup;
			children = (
				1FB4748529965B3100561664 /* Controller */,
				1FB4748629965B3100561664 /* Model */,
				1FB4748729965B3100561664 /* View */,
				1FB4748829965B3100561664 /* Service */,
			);
			path = Message;
			sourceTree = "<group>";
		};
		1FB4748529965B3100561664 /* Controller */ = {
			isa = PBXGroup;
			children = (
				1FD44CB92999E3EF00398766 /* LPMessageViewController.swift */,
			);
			path = Controller;
			sourceTree = "<group>";
		};
		1FB4748629965B3100561664 /* Model */ = {
			isa = PBXGroup;
			children = (
			);
			path = Model;
			sourceTree = "<group>";
		};
		1FB4748729965B3100561664 /* View */ = {
			isa = PBXGroup;
			children = (
			);
			path = View;
			sourceTree = "<group>";
		};
		1FB4748829965B3100561664 /* Service */ = {
			isa = PBXGroup;
			children = (
			);
			path = Service;
			sourceTree = "<group>";
		};
		1FB4748929965B3100561664 /* Mine */ = {
			isa = PBXGroup;
			children = (
				1FB4748A29965B3100561664 /* Controller */,
				1FB4748B29965B3100561664 /* Model */,
				1FB4748C29965B3100561664 /* View */,
				1FB4748D29965B3100561664 /* Service */,
			);
			path = Mine;
			sourceTree = "<group>";
		};
		1FB4748A29965B3100561664 /* Controller */ = {
			isa = PBXGroup;
			children = (
				1FD44CBB2999E40400398766 /* LPMineViewController.swift */,
			);
			path = Controller;
			sourceTree = "<group>";
		};
		1FB4748B29965B3100561664 /* Model */ = {
			isa = PBXGroup;
			children = (
			);
			path = Model;
			sourceTree = "<group>";
		};
		1FB4748C29965B3100561664 /* View */ = {
			isa = PBXGroup;
			children = (
			);
			path = View;
			sourceTree = "<group>";
		};
		1FB4748D29965B3100561664 /* Service */ = {
			isa = PBXGroup;
			children = (
			);
			path = Service;
			sourceTree = "<group>";
		};
		1FB4748E29965B3100561664 /* Login */ = {
			isa = PBXGroup;
			children = (
				1FB4748F29965B3100561664 /* Controller */,
				1FB4749029965B3100561664 /* Model */,
				1FB4749129965B3100561664 /* View */,
				1FB4749229965B3100561664 /* Service */,
			);
			path = Login;
			sourceTree = "<group>";
		};
		1FB4748F29965B3100561664 /* Controller */ = {
			isa = PBXGroup;
			children = (
			);
			path = Controller;
			sourceTree = "<group>";
		};
		1FB4749029965B3100561664 /* Model */ = {
			isa = PBXGroup;
			children = (
			);
			path = Model;
			sourceTree = "<group>";
		};
		1FB4749129965B3100561664 /* View */ = {
			isa = PBXGroup;
			children = (
			);
			path = View;
			sourceTree = "<group>";
		};
		1FB4749229965B3100561664 /* Service */ = {
			isa = PBXGroup;
			children = (
			);
			path = Service;
			sourceTree = "<group>";
		};
		1FB4749329965B3100561664 /* ThirdParty */ = {
			isa = PBXGroup;
			children = (
			);
			path = ThirdParty;
			sourceTree = "<group>";
		};
		8E9E6FE95538D0D23C5A4804 /* Pods */ = {
			isa = PBXGroup;
			children = (
				7135E03ED3C98E4A428B82FC /* Pods-LittlePink.debug.xcconfig */,
				398CD23BB59D0D6633C3DC39 /* Pods-LittlePink.release.xcconfig */,
			);
			path = Pods;
			sourceTree = "<group>";
		};
/* End PBXGroup section */

/* Begin PBXNativeTarget section */
		1FB474412994BC5B00561664 /* LittlePink */ = {
			isa = PBXNativeTarget;
			buildConfigurationList = 1FB474592994BC5D00561664 /* Build configuration list for PBXNativeTarget "LittlePink" */;
			buildPhases = (
				B74FD283E58F3668F2492EA1 /* [CP] Check Pods Manifest.lock */,
				1FB4743E2994BC5B00561664 /* Sources */,
				1FB4743F2994BC5B00561664 /* Frameworks */,
				1FB474402994BC5B00561664 /* Resources */,
				A4438A1C4E3E2E89C1289557 /* [CP] Embed Pods Frameworks */,
			);
			buildRules = (
			);
			dependencies = (
			);
			name = LittlePink;
			productName = LittlePink;
			productReference = 1FB474422994BC5B00561664 /* LittlePink.app */;
			productType = "com.apple.product-type.application";
		};
/* End PBXNativeTarget section */

/* Begin PBXProject section */
		1FB4743A2994BC5A00561664 /* Project object */ = {
			isa = PBXProject;
			attributes = {
				BuildIndependentTargetsInParallel = 1;
				CLASSPREFIX = LP;
				LastSwiftUpdateCheck = 1410;
				LastUpgradeCheck = 1410;
				ORGANIZATIONNAME = wtt;
				TargetAttributes = {
					1FB474412994BC5B00561664 = {
						CreatedOnToolsVersion = 14.1;
					};
				};
			};
			buildConfigurationList = 1FB4743D2994BC5A00561664 /* Build configuration list for PBXProject "LittlePink" */;
			compatibilityVersion = "Xcode 13.0";
			developmentRegion = en;
			hasScannedForEncodings = 0;
			knownRegions = (
				en,
				Base,
			);
			mainGroup = 1FB474392994BC5A00561664;
			productRefGroup = 1FB474432994BC5B00561664 /* Products */;
			projectDirPath = "";
			projectRoot = "";
			targets = (
				1FB474412994BC5B00561664 /* LittlePink */,
			);
		};
/* End PBXProject section */

/* Begin PBXResourcesBuildPhase section */
		1FB474402994BC5B00561664 /* Resources */ = {
			isa = PBXResourcesBuildPhase;
			buildActionMask = 2147483647;
			files = (
				1FB474552994BC5D00561664 /* LaunchScreen.storyboard in Resources */,
				1FB474522994BC5D00561664 /* Assets.xcassets in Resources */,
			);
			runOnlyForDeploymentPostprocessing = 0;
		};
/* End PBXResourcesBuildPhase section */

/* Begin PBXShellScriptBuildPhase section */
		A4438A1C4E3E2E89C1289557 /* [CP] Embed Pods Frameworks */ = {
			isa = PBXShellScriptBuildPhase;
			buildActionMask = 2147483647;
			files = (
			);
			inputFileListPaths = (
				"${PODS_ROOT}/Target Support Files/Pods-LittlePink/Pods-LittlePink-frameworks-${CONFIGURATION}-input-files.xcfilelist",
			);
			name = "[CP] Embed Pods Frameworks";
			outputFileListPaths = (
				"${PODS_ROOT}/Target Support Files/Pods-LittlePink/Pods-LittlePink-frameworks-${CONFIGURATION}-output-files.xcfilelist",
			);
			runOnlyForDeploymentPostprocessing = 0;
			shellPath = /bin/sh;
			shellScript = "\"${PODS_ROOT}/Target Support Files/Pods-LittlePink/Pods-LittlePink-frameworks.sh\"\n";
			showEnvVarsInLog = 0;
		};
		B74FD283E58F3668F2492EA1 /* [CP] Check Pods Manifest.lock */ = {
			isa = PBXShellScriptBuildPhase;
			buildActionMask = 2147483647;
			files = (
			);
			inputFileListPaths = (
			);
			inputPaths = (
				"${PODS_PODFILE_DIR_PATH}/Podfile.lock",
				"${PODS_ROOT}/Manifest.lock",
			);
			name = "[CP] Check Pods Manifest.lock";
			outputFileListPaths = (
			);
			outputPaths = (
				"$(DERIVED_FILE_DIR)/Pods-LittlePink-checkManifestLockResult.txt",
			);
			runOnlyForDeploymentPostprocessing = 0;
			shellPath = /bin/sh;
			shellScript = "diff \"${PODS_PODFILE_DIR_PATH}/Podfile.lock\" \"${PODS_ROOT}/Manifest.lock\" > /dev/null\nif [ $? != 0 ] ; then\n    # print error to STDERR\n    echo \"error: The sandbox is not in sync with the Podfile.lock. Run 'pod install' or update your CocoaPods installation.\" >&2\n    exit 1\nfi\n# This output is used by Xcode 'outputs' to avoid re-running this script phase.\necho \"SUCCESS\" > \"${SCRIPT_OUTPUT_FILE_0}\"\n";
			showEnvVarsInLog = 0;
		};
/* End PBXShellScriptBuildPhase section */

/* Begin PBXSourcesBuildPhase section */
		1FB4743E2994BC5B00561664 /* Sources */ = {
			isa = PBXSourcesBuildPhase;
			buildActionMask = 2147483647;
			files = (
				1F0DD6E229ACD1C100F8AC96 /* LPFindViewController.swift in Sources */,
				1FD44CBA2999E3EF00398766 /* LPMessageViewController.swift in Sources */,
				1FA475C929A3823900B74847 /* LPHorizontalMenuViewController.swift in Sources */,
				1FA475CB29A39D8200B74847 /* LPPageTitleView.swift in Sources */,
				1FD44CB82999E3D400398766 /* LPPostNoteViewController.swift in Sources */,
				1FAABC0B29A844DC0025416E /* UIView + Extension.swift in Sources */,
				1FAABC0929A792B50025416E /* LPHorizontalMenuLayout.swift in Sources */,
				1FB474462994BC5B00561664 /* AppDelegate.swift in Sources */,
				1FB474482994BC5B00561664 /* SceneDelegate.swift in Sources */,
				1FA475B7299F260B00B74847 /* LPMainTabBarController.swift in Sources */,
				1FD44CB62999E3BF00398766 /* LPVideoViewController.swift in Sources */,
				1F95D995299A1FCF006EFE9E /* LPBaseViewController.swift in Sources */,
				1FA475BE299F275A00B74847 /* LPConstants.swift in Sources */,
				1FA475B9299F260B00B74847 /* LPCustomTabBarButton.swift in Sources */,
				1FD44CB42999E3A200398766 /* LPHomeViewController.swift in Sources */,
				1FAABC0D29AA07EC0025416E /* LPWaterFlowLayout.swift in Sources */,
				1FA475C729A374BF00B74847 /* LPPageView.swift in Sources */,
				1F0DD6E429ACD1D700F8AC96 /* LPNearbyViewController.swift in Sources */,
				1F95D9A4299CEE64006EFE9E /* UIColor+Extension.swift in Sources */,
				1F0DD6E629ADAC6300F8AC96 /* UIScreen + Extension.swift in Sources */,
				1FA475C0299F2B6A00B74847 /* LPCommonFontMacro.swift in Sources */,
				1FB474502994BC5B00561664 /* LittlePink.xcdatamodeld in Sources */,
				1F0DD6E029ACD18000F8AC96 /* LPAttentionViewController.swift in Sources */,
				1FA475B8299F260B00B74847 /* LPCustomTabBar.swift in Sources */,
				1F95D997299A2002006EFE9E /* LPBaseNavigationController.swift in Sources */,
				1F95D99F299CEB6A006EFE9E /* LPCommonColorMacro.swift in Sources */,
				1F0DD6EA29AE0DDC00F8AC96 /* LPSubFindViewController.swift in Sources */,
				1FD44CBC2999E40400398766 /* LPMineViewController.swift in Sources */,
			);
			runOnlyForDeploymentPostprocessing = 0;
		};
/* End PBXSourcesBuildPhase section */

/* Begin PBXVariantGroup section */
		1FB474532994BC5D00561664 /* LaunchScreen.storyboard */ = {
			isa = PBXVariantGroup;
			children = (
				1FB474542994BC5D00561664 /* Base */,
			);
			name = LaunchScreen.storyboard;
			sourceTree = "<group>";
		};
/* End PBXVariantGroup section */

/* Begin XCBuildConfiguration section */
		1FB474572994BC5D00561664 /* Debug */ = {
			isa = XCBuildConfiguration;
			buildSettings = {
				ALWAYS_SEARCH_USER_PATHS = NO;
				CLANG_ANALYZER_NONNULL = YES;
				CLANG_ANALYZER_NUMBER_OBJECT_CONVERSION = YES_AGGRESSIVE;
				CLANG_CXX_LANGUAGE_STANDARD = "gnu++20";
				CLANG_ENABLE_MODULES = YES;
				CLANG_ENABLE_OBJC_ARC = YES;
				CLANG_ENABLE_OBJC_WEAK = YES;
				CLANG_WARN_BLOCK_CAPTURE_AUTORELEASING = YES;
				CLANG_WARN_BOOL_CONVERSION = YES;
				CLANG_WARN_COMMA = YES;
				CLANG_WARN_CONSTANT_CONVERSION = YES;
				CLANG_WARN_DEPRECATED_OBJC_IMPLEMENTATIONS = YES;
				CLANG_WARN_DIRECT_OBJC_ISA_USAGE = YES_ERROR;
				CLANG_WARN_DOCUMENTATION_COMMENTS = YES;
				CLANG_WARN_EMPTY_BODY = YES;
				CLANG_WARN_ENUM_CONVERSION = YES;
				CLANG_WARN_INFINITE_RECURSION = YES;
				CLANG_WARN_INT_CONVERSION = YES;
				CLANG_WARN_NON_LITERAL_NULL_CONVERSION = YES;
				CLANG_WARN_OBJC_IMPLICIT_RETAIN_SELF = YES;
				CLANG_WARN_OBJC_LITERAL_CONVERSION = YES;
				CLANG_WARN_OBJC_ROOT_CLASS = YES_ERROR;
				CLANG_WARN_QUOTED_INCLUDE_IN_FRAMEWORK_HEADER = YES;
				CLANG_WARN_RANGE_LOOP_ANALYSIS = YES;
				CLANG_WARN_STRICT_PROTOTYPES = YES;
				CLANG_WARN_SUSPICIOUS_MOVE = YES;
				CLANG_WARN_UNGUARDED_AVAILABILITY = YES_AGGRESSIVE;
				CLANG_WARN_UNREACHABLE_CODE = YES;
				CLANG_WARN__DUPLICATE_METHOD_MATCH = YES;
				COPY_PHASE_STRIP = NO;
				DEBUG_INFORMATION_FORMAT = dwarf;
				ENABLE_STRICT_OBJC_MSGSEND = YES;
				ENABLE_TESTABILITY = YES;
				GCC_C_LANGUAGE_STANDARD = gnu11;
				GCC_DYNAMIC_NO_PIC = NO;
				GCC_NO_COMMON_BLOCKS = YES;
				GCC_OPTIMIZATION_LEVEL = 0;
				GCC_PREPROCESSOR_DEFINITIONS = (
					"DEBUG=1",
					"$(inherited)",
				);
				GCC_WARN_64_TO_32_BIT_CONVERSION = YES;
				GCC_WARN_ABOUT_RETURN_TYPE = YES_ERROR;
				GCC_WARN_UNDECLARED_SELECTOR = YES;
				GCC_WARN_UNINITIALIZED_AUTOS = YES_AGGRESSIVE;
				GCC_WARN_UNUSED_FUNCTION = YES;
				GCC_WARN_UNUSED_VARIABLE = YES;
				IPHONEOS_DEPLOYMENT_TARGET = 16.1;
				MTL_ENABLE_DEBUG_INFO = INCLUDE_SOURCE;
				MTL_FAST_MATH = YES;
				ONLY_ACTIVE_ARCH = YES;
				SDKROOT = iphoneos;
				SWIFT_ACTIVE_COMPILATION_CONDITIONS = DEBUG;
				SWIFT_OPTIMIZATION_LEVEL = "-Onone";
			};
			name = Debug;
		};
		1FB474582994BC5D00561664 /* Release */ = {
			isa = XCBuildConfiguration;
			buildSettings = {
				ALWAYS_SEARCH_USER_PATHS = NO;
				CLANG_ANALYZER_NONNULL = YES;
				CLANG_ANALYZER_NUMBER_OBJECT_CONVERSION = YES_AGGRESSIVE;
				CLANG_CXX_LANGUAGE_STANDARD = "gnu++20";
				CLANG_ENABLE_MODULES = YES;
				CLANG_ENABLE_OBJC_ARC = YES;
				CLANG_ENABLE_OBJC_WEAK = YES;
				CLANG_WARN_BLOCK_CAPTURE_AUTORELEASING = YES;
				CLANG_WARN_BOOL_CONVERSION = YES;
				CLANG_WARN_COMMA = YES;
				CLANG_WARN_CONSTANT_CONVERSION = YES;
				CLANG_WARN_DEPRECATED_OBJC_IMPLEMENTATIONS = YES;
				CLANG_WARN_DIRECT_OBJC_ISA_USAGE = YES_ERROR;
				CLANG_WARN_DOCUMENTATION_COMMENTS = YES;
				CLANG_WARN_EMPTY_BODY = YES;
				CLANG_WARN_ENUM_CONVERSION = YES;
				CLANG_WARN_INFINITE_RECURSION = YES;
				CLANG_WARN_INT_CONVERSION = YES;
				CLANG_WARN_NON_LITERAL_NULL_CONVERSION = YES;
				CLANG_WARN_OBJC_IMPLICIT_RETAIN_SELF = YES;
				CLANG_WARN_OBJC_LITERAL_CONVERSION = YES;
				CLANG_WARN_OBJC_ROOT_CLASS = YES_ERROR;
				CLANG_WARN_QUOTED_INCLUDE_IN_FRAMEWORK_HEADER = YES;
				CLANG_WARN_RANGE_LOOP_ANALYSIS = YES;
				CLANG_WARN_STRICT_PROTOTYPES = YES;
				CLANG_WARN_SUSPICIOUS_MOVE = YES;
				CLANG_WARN_UNGUARDED_AVAILABILITY = YES_AGGRESSIVE;
				CLANG_WARN_UNREACHABLE_CODE = YES;
				CLANG_WARN__DUPLICATE_METHOD_MATCH = YES;
				COPY_PHASE_STRIP = NO;
				DEBUG_INFORMATION_FORMAT = "dwarf-with-dsym";
				ENABLE_NS_ASSERTIONS = NO;
				ENABLE_STRICT_OBJC_MSGSEND = YES;
				GCC_C_LANGUAGE_STANDARD = gnu11;
				GCC_NO_COMMON_BLOCKS = YES;
				GCC_WARN_64_TO_32_BIT_CONVERSION = YES;
				GCC_WARN_ABOUT_RETURN_TYPE = YES_ERROR;
				GCC_WARN_UNDECLARED_SELECTOR = YES;
				GCC_WARN_UNINITIALIZED_AUTOS = YES_AGGRESSIVE;
				GCC_WARN_UNUSED_FUNCTION = YES;
				GCC_WARN_UNUSED_VARIABLE = YES;
				IPHONEOS_DEPLOYMENT_TARGET = 16.1;
				MTL_ENABLE_DEBUG_INFO = NO;
				MTL_FAST_MATH = YES;
				SDKROOT = iphoneos;
				SWIFT_COMPILATION_MODE = wholemodule;
				SWIFT_OPTIMIZATION_LEVEL = "-O";
				VALIDATE_PRODUCT = YES;
			};
			name = Release;
		};
		1FB4745A2994BC5D00561664 /* Debug */ = {
			isa = XCBuildConfiguration;
			baseConfigurationReference = 7135E03ED3C98E4A428B82FC /* Pods-LittlePink.debug.xcconfig */;
			buildSettings = {
				ASSETCATALOG_COMPILER_APPICON_NAME = AppIcon;
				ASSETCATALOG_COMPILER_GLOBAL_ACCENT_COLOR_NAME = AccentColor;
				CODE_SIGN_STYLE = Automatic;
				CURRENT_PROJECT_VERSION = 1;
				DEVELOPMENT_TEAM = 4Z7M4754GY;
				GENERATE_INFOPLIST_FILE = YES;
				INFOPLIST_FILE = LittlePink/Info.plist;
				INFOPLIST_KEY_UIApplicationSupportsIndirectInputEvents = YES;
				INFOPLIST_KEY_UILaunchStoryboardName = LaunchScreen;
				INFOPLIST_KEY_UIMainStoryboardFile = "";
				INFOPLIST_KEY_UISupportedInterfaceOrientations = UIInterfaceOrientationPortrait;
				LD_RUNPATH_SEARCH_PATHS = (
					"$(inherited)",
					"@executable_path/Frameworks",
				);
				MARKETING_VERSION = 1.0;
				PRODUCT_BUNDLE_IDENTIFIER = wtt.LittlePink;
				PRODUCT_NAME = "$(TARGET_NAME)";
				SUPPORTED_PLATFORMS = "iphoneos iphonesimulator";
				SUPPORTS_MACCATALYST = NO;
				SUPPORTS_MAC_DESIGNED_FOR_IPHONE_IPAD = NO;
				SWIFT_EMIT_LOC_STRINGS = YES;
				SWIFT_VERSION = 5.0;
				TARGETED_DEVICE_FAMILY = 1;
			};
			name = Debug;
		};
		1FB4745B2994BC5D00561664 /* Release */ = {
			isa = XCBuildConfiguration;
			baseConfigurationReference = 398CD23BB59D0D6633C3DC39 /* Pods-LittlePink.release.xcconfig */;
			buildSettings = {
				ASSETCATALOG_COMPILER_APPICON_NAME = AppIcon;
				ASSETCATALOG_COMPILER_GLOBAL_ACCENT_COLOR_NAME = AccentColor;
				CODE_SIGN_STYLE = Automatic;
				CURRENT_PROJECT_VERSION = 1;
				DEVELOPMENT_TEAM = 4Z7M4754GY;
				GENERATE_INFOPLIST_FILE = YES;
				INFOPLIST_FILE = LittlePink/Info.plist;
				INFOPLIST_KEY_UIApplicationSupportsIndirectInputEvents = YES;
				INFOPLIST_KEY_UILaunchStoryboardName = LaunchScreen;
				INFOPLIST_KEY_UIMainStoryboardFile = "";
				INFOPLIST_KEY_UISupportedInterfaceOrientations = UIInterfaceOrientationPortrait;
				LD_RUNPATH_SEARCH_PATHS = (
					"$(inherited)",
					"@executable_path/Frameworks",
				);
				MARKETING_VERSION = 1.0;
				PRODUCT_BUNDLE_IDENTIFIER = wtt.LittlePink;
				PRODUCT_NAME = "$(TARGET_NAME)";
				SUPPORTED_PLATFORMS = "iphoneos iphonesimulator";
				SUPPORTS_MACCATALYST = NO;
				SUPPORTS_MAC_DESIGNED_FOR_IPHONE_IPAD = NO;
				SWIFT_EMIT_LOC_STRINGS = YES;
				SWIFT_VERSION = 5.0;
				TARGETED_DEVICE_FAMILY = 1;
			};
			name = Release;
		};
/* End XCBuildConfiguration section */

/* Begin XCConfigurationList section */
		1FB4743D2994BC5A00561664 /* Build configuration list for PBXProject "LittlePink" */ = {
			isa = XCConfigurationList;
			buildConfigurations = (
				1FB474572994BC5D00561664 /* Debug */,
				1FB474582994BC5D00561664 /* Release */,
			);
			defaultConfigurationIsVisible = 0;
			defaultConfigurationName = Release;
		};
		1FB474592994BC5D00561664 /* Build configuration list for PBXNativeTarget "LittlePink" */ = {
			isa = XCConfigurationList;
			buildConfigurations = (
				1FB4745A2994BC5D00561664 /* Debug */,
				1FB4745B2994BC5D00561664 /* Release */,
			);
			defaultConfigurationIsVisible = 0;
			defaultConfigurationName = Release;
		};
/* End XCConfigurationList section */

/* Begin XCVersionGroup section */
		1FB4744E2994BC5B00561664 /* LittlePink.xcdatamodeld */ = {
			isa = XCVersionGroup;
			children = (
				1FB4744F2994BC5B00561664 /* LittlePink.xcdatamodel */,
			);
			currentVersion = 1FB4744F2994BC5B00561664 /* LittlePink.xcdatamodel */;
			path = LittlePink.xcdatamodeld;
			sourceTree = "<group>";
			versionGroupType = wrapper.xcdatamodel;
		};
/* End XCVersionGroup section */
	};
	rootObject = 1FB4743A2994BC5A00561664 /* Project object */;
}
